
Microsoft Visual Studio Solution File, Format Version 12.00
# Visual Studio Version 17
VisualStudioVersion = 17.7.34024.191
MinimumVisualStudioVersion = 10.0.40219.1
Project("{FAE04EC0-301F-11D3-BF4B-00C04F79EFBC}") = "BitoProApiCSharp", "BitoProApiCSharp.csproj", "{FEBC1C08-F3D5-431E-956C-A51C6D87E1C3}"
EndProject
Global
	GlobalSection(SolutionConfigurationPlatforms) = preSolution
		Debug|Any CPU = Debug|Any CPU
		Release|Any CPU = Release|Any CPU
	EndGlobalSection
	GlobalSection(ProjectConfigurationPlatforms) = postSolution
		{FEBC1C08-F3D5-431E-956C-A51C6D87E1C3}.Debug|Any CPU.ActiveCfg = Debug|Any CPU
		{FEBC1C08-F3D5-431E-956C-A51C6D87E1C3}.Debug|Any CPU.Build.0 = Debug|Any CPU
		{FEBC1C08-F3D5-431E-956C-A51C6D87E1C3}.Release|Any CPU.ActiveCfg = Release|Any CPU
		{FEBC1C08-F3D5-431E-956C-A51C6D87E1C3}.Release|Any CPU.Build.0 = Release|Any CPU
	EndGlobalSection
	GlobalSection(SolutionProperties) = preSolution
		HideSolutionNode = FALSE
	EndGlobalSection
	GlobalSection(ExtensibilityGlobals) = postSolution
		SolutionGuid = {71930ED3-B717-43F9-A95E-87F54378778A}
	EndGlobalSection
EndGlobal
